
Microsoft Visual Studio Solution File, Format Version 12.00
# Visual Studio Version 16
VisualStudioVersion = 16.0.31313.79
MinimumVisualStudioVersion = 10.0.40219.1
Project("{9A19103F-16F7-4668-BE54-9A1E7A4F7556}") = "RobicServer", "RobicServer.csproj", "{94EC0D7E-1BB2-4959-8F71-ACD25460C969}"
EndProject
Global
	GlobalSection(SolutionConfigurationPlatforms) = preSolution
		Debug|Any CPU = Debug|Any CPU
		Release|Any CPU = Release|Any CPU
	EndGlobalSection
	GlobalSection(ProjectConfigurationPlatforms) = postSolution
		{94EC0D7E-1BB2-4959-8F71-ACD25460C969}.Debug|Any CPU.ActiveCfg = Debug|Any CPU
		{94EC0D7E-1BB2-4959-8F71-ACD25460C969}.Debug|Any CPU.Build.0 = Debug|Any CPU
		{94EC0D7E-1BB2-4959-8F71-ACD25460C969}.Release|Any CPU.ActiveCfg = Release|Any CPU
		{94EC0D7E-1BB2-4959-8F71-ACD25460C969}.Release|Any CPU.Build.0 = Release|Any CPU
	EndGlobalSection
	GlobalSection(SolutionProperties) = preSolution
		HideSolutionNode = FALSE
	EndGlobalSection
	GlobalSection(ExtensibilityGlobals) = postSolution
		SolutionGuid = {AD50228E-8DCD-4C26-8771-A3D132031CB1}
	EndGlobalSection
EndGlobal
